<?xml version="1.0" encoding="UTF-8"?>
<!DOCTYPE plist PUBLIC "-//Apple//DTD PLIST 1.0//EN" "http://www.apple.com/DTDs/PropertyList-1.0.dtd">
<plist version="1.0">
<dict>
	<key>archiveVersion</key>
	<string>1</string>
	<key>classes</key>
	<dict/>
	<key>objectVersion</key>
	<string>46</string>
	<key>objects</key>
	<dict>
		<key>00B5CBA11D7FDE65000F29CC</key>
		<dict>
			<key>children</key>
			<array>
				<string>00B5CBAC1D7FDE65000F29CC</string>
				<string>00B5CBAB1D7FDE65000F29CC</string>
				<string>98C5DA0ED0FC0570E2F71EAD</string>
				<string>5A526DA250CCEBD132C42E60</string>
				<string>82808D10D607B8B2CBFEA755</string>
			</array>
			<key>isa</key>
			<string>PBXGroup</string>
			<key>sourceTree</key>
			<string>&lt;group&gt;</string>
		</dict>
		<key>00B5CBA21D7FDE65000F29CC</key>
		<dict>
			<key>attributes</key>
			<dict>
				<key>LastSwiftUpdateCheck</key>
				<string>0730</string>
				<key>LastUpgradeCheck</key>
				<string>0730</string>
				<key>ORGANIZATIONNAME</key>
				<string>V2Solutions</string>
				<key>TargetAttributes</key>
				<dict>
					<key>00B5CBA91D7FDE65000F29CC</key>
					<dict>
						<key>CreatedOnToolsVersion</key>
						<string>7.3</string>
					</dict>
				</dict>
			</dict>
			<key>buildConfigurationList</key>
			<string>00B5CBA51D7FDE65000F29CC</string>
			<key>compatibilityVersion</key>
			<string>Xcode 3.2</string>
			<key>developmentRegion</key>
			<string>English</string>
			<key>hasScannedForEncodings</key>
			<string>0</string>
			<key>isa</key>
			<string>PBXProject</string>
			<key>knownRegions</key>
			<array>
				<string>en</string>
				<string>Base</string>
			</array>
			<key>mainGroup</key>
			<string>00B5CBA11D7FDE65000F29CC</string>
			<key>productRefGroup</key>
			<string>00B5CBAB1D7FDE65000F29CC</string>
			<key>projectDirPath</key>
			<string></string>
			<key>projectReferences</key>
			<array/>
			<key>projectRoot</key>
			<string></string>
			<key>targets</key>
			<array>
				<string>00B5CBA91D7FDE65000F29CC</string>
			</array>
		</dict>
		<key>00B5CBA51D7FDE65000F29CC</key>
		<dict>
			<key>buildConfigurations</key>
			<array>
				<string>00B5CBBA1D7FDE65000F29CC</string>
				<string>00B5CBBB1D7FDE65000F29CC</string>
			</array>
			<key>defaultConfigurationIsVisible</key>
			<string>0</string>
			<key>defaultConfigurationName</key>
			<string>Release</string>
			<key>isa</key>
			<string>XCConfigurationList</string>
		</dict>
		<key>00B5CBA61D7FDE65000F29CC</key>
		<dict>
			<key>buildActionMask</key>
			<string>2147483647</string>
			<key>files</key>
			<array>
				<string>00B5CBB01D7FDE65000F29CC</string>
				<string>00B5CBAE1D7FDE65000F29CC</string>
			</array>
			<key>isa</key>
			<string>PBXSourcesBuildPhase</string>
			<key>runOnlyForDeploymentPostprocessing</key>
			<string>0</string>
		</dict>
		<key>00B5CBA71D7FDE65000F29CC</key>
		<dict>
			<key>buildActionMask</key>
			<string>2147483647</string>
			<key>files</key>
			<array>
				<string>794AB71360E3C2E24E57F1D0</string>
				<string>3C3E238888E09147DC7BD3EB</string>
				<string>B9E9E39665D93D4FBE437D22</string>
				<string>C3926B43080E5BB2CDB50558</string>
				<string>D5016FD8704E13ECAA518B2E</string>
				<string>DEBBAA04032B07EA995D3757</string>
				<string>EDBD73E248D2D9B1DE5F0100</string>
				<string>5DD35A1CDDE032325AE771CA</string>
				<string>5060D20FACCFF8C3D1FFFB2E</string>
				<string>1ECB98BE5084642EBAE9FB53</string>
			</array>
			<key>isa</key>
			<string>PBXFrameworksBuildPhase</string>
			<key>runOnlyForDeploymentPostprocessing</key>
			<string>0</string>
		</dict>
		<key>00B5CBA81D7FDE65000F29CC</key>
		<dict>
			<key>buildActionMask</key>
			<string>2147483647</string>
			<key>files</key>
			<array>
				<string>00B5CBB81D7FDE65000F29CC</string>
				<string>00B5CBB51D7FDE65000F29CC</string>
				<string>00B5CBB31D7FDE65000F29CC</string>
			</array>
			<key>isa</key>
			<string>PBXResourcesBuildPhase</string>
			<key>runOnlyForDeploymentPostprocessing</key>
			<string>0</string>
		</dict>
		<key>00B5CBA91D7FDE65000F29CC</key>
		<dict>
			<key>buildConfigurationList</key>
			<string>00B5CBBC1D7FDE65000F29CC</string>
			<key>buildPhases</key>
			<array>
				<string>0B418A2A0A5BB5168B9DC42E</string>
				<string>00B5CBA61D7FDE65000F29CC</string>
				<string>00B5CBA71D7FDE65000F29CC</string>
				<string>00B5CBA81D7FDE65000F29CC</string>
				<string>94F89F5E9FB449EA2E6D4DE6</string>
				<string>E44703A8AC2D11FEE7912094</string>
			</array>
			<key>buildRules</key>
			<array/>
			<key>dependencies</key>
			<array/>
			<key>isa</key>
			<string>PBXNativeTarget</string>
			<key>name</key>
			<string>RNDApp</string>
			<key>productName</key>
			<string>RNDApp</string>
			<key>productReference</key>
			<string>00B5CBAA1D7FDE65000F29CC</string>
			<key>productType</key>
			<string>com.apple.product-type.application</string>
		</dict>
		<key>00B5CBAA1D7FDE65000F29CC</key>
		<dict>
			<key>explicitFileType</key>
			<string>wrapper.application</string>
			<key>includeInIndex</key>
			<string>0</string>
			<key>isa</key>
			<string>PBXFileReference</string>
			<key>path</key>
			<string>RNDApp.app</string>
			<key>sourceTree</key>
			<string>BUILT_PRODUCTS_DIR</string>
		</dict>
		<key>00B5CBAB1D7FDE65000F29CC</key>
		<dict>
			<key>children</key>
			<array>
				<string>00B5CBAA1D7FDE65000F29CC</string>
			</array>
			<key>isa</key>
			<string>PBXGroup</string>
			<key>name</key>
			<string>Products</string>
			<key>sourceTree</key>
			<string>&lt;group&gt;</string>
		</dict>
		<key>00B5CBAC1D7FDE65000F29CC</key>
		<dict>
			<key>children</key>
			<array>
				<string>00B5CBAD1D7FDE65000F29CC</string>
				<string>00B5CBAF1D7FDE65000F29CC</string>
				<string>00B5CBB11D7FDE65000F29CC</string>
				<string>00B5CBB41D7FDE65000F29CC</string>
				<string>00B5CBB61D7FDE65000F29CC</string>
				<string>00B5CBB91D7FDE65000F29CC</string>
			</array>
			<key>isa</key>
			<string>PBXGroup</string>
			<key>path</key>
			<string>RNDApp</string>
			<key>sourceTree</key>
			<string>&lt;group&gt;</string>
		</dict>
		<key>00B5CBAD1D7FDE65000F29CC</key>
		<dict>
			<key>isa</key>
			<string>PBXFileReference</string>
			<key>lastKnownFileType</key>
			<string>sourcecode.swift</string>
			<key>path</key>
			<string>AppDelegate.swift</string>
			<key>sourceTree</key>
			<string>&lt;group&gt;</string>
		</dict>
		<key>00B5CBAE1D7FDE65000F29CC</key>
		<dict>
			<key>fileRef</key>
			<string>00B5CBAD1D7FDE65000F29CC</string>
			<key>isa</key>
			<string>PBXBuildFile</string>
		</dict>
		<key>00B5CBAF1D7FDE65000F29CC</key>
		<dict>
			<key>isa</key>
			<string>PBXFileReference</string>
			<key>lastKnownFileType</key>
			<string>sourcecode.swift</string>
			<key>path</key>
			<string>ViewController.swift</string>
			<key>sourceTree</key>
			<string>&lt;group&gt;</string>
		</dict>
		<key>00B5CBB01D7FDE65000F29CC</key>
		<dict>
			<key>fileRef</key>
			<string>00B5CBAF1D7FDE65000F29CC</string>
			<key>isa</key>
			<string>PBXBuildFile</string>
		</dict>
		<key>00B5CBB11D7FDE65000F29CC</key>
		<dict>
			<key>children</key>
			<array>
				<string>00B5CBB21D7FDE65000F29CC</string>
			</array>
			<key>isa</key>
			<string>PBXVariantGroup</string>
			<key>name</key>
			<string>Main.storyboard</string>
			<key>sourceTree</key>
			<string>&lt;group&gt;</string>
		</dict>
		<key>00B5CBB21D7FDE65000F29CC</key>
		<dict>
			<key>isa</key>
			<string>PBXFileReference</string>
			<key>lastKnownFileType</key>
			<string>file.storyboard</string>
			<key>name</key>
			<string>Base</string>
			<key>path</key>
			<string>Base.lproj/Main.storyboard</string>
			<key>sourceTree</key>
			<string>&lt;group&gt;</string>
		</dict>
		<key>00B5CBB31D7FDE65000F29CC</key>
		<dict>
			<key>fileRef</key>
			<string>00B5CBB11D7FDE65000F29CC</string>
			<key>isa</key>
			<string>PBXBuildFile</string>
		</dict>
		<key>00B5CBB41D7FDE65000F29CC</key>
		<dict>
			<key>isa</key>
			<string>PBXFileReference</string>
			<key>lastKnownFileType</key>
			<string>folder.assetcatalog</string>
			<key>path</key>
			<string>Assets.xcassets</string>
			<key>sourceTree</key>
			<string>&lt;group&gt;</string>
		</dict>
		<key>00B5CBB51D7FDE65000F29CC</key>
		<dict>
			<key>fileRef</key>
			<string>00B5CBB41D7FDE65000F29CC</string>
			<key>isa</key>
			<string>PBXBuildFile</string>
		</dict>
		<key>00B5CBB61D7FDE65000F29CC</key>
		<dict>
			<key>children</key>
			<array>
				<string>00B5CBB71D7FDE65000F29CC</string>
			</array>
			<key>isa</key>
			<string>PBXVariantGroup</string>
			<key>name</key>
			<string>LaunchScreen.storyboard</string>
			<key>sourceTree</key>
			<string>&lt;group&gt;</string>
		</dict>
		<key>00B5CBB71D7FDE65000F29CC</key>
		<dict>
			<key>isa</key>
			<string>PBXFileReference</string>
			<key>lastKnownFileType</key>
			<string>file.storyboard</string>
			<key>name</key>
			<string>Base</string>
			<key>path</key>
			<string>Base.lproj/LaunchScreen.storyboard</string>
			<key>sourceTree</key>
			<string>&lt;group&gt;</string>
		</dict>
		<key>00B5CBB81D7FDE65000F29CC</key>
		<dict>
			<key>fileRef</key>
			<string>00B5CBB61D7FDE65000F29CC</string>
			<key>isa</key>
			<string>PBXBuildFile</string>
		</dict>
		<key>00B5CBB91D7FDE65000F29CC</key>
		<dict>
			<key>isa</key>
			<string>PBXFileReference</string>
			<key>lastKnownFileType</key>
			<string>text.plist.xml</string>
			<key>path</key>
			<string>Info.plist</string>
			<key>sourceTree</key>
			<string>&lt;group&gt;</string>
		</dict>
		<key>00B5CBBA1D7FDE65000F29CC</key>
		<dict>
			<key>buildSettings</key>
			<dict>
				<key>ALWAYS_SEARCH_USER_PATHS</key>
				<string>NO</string>
				<key>CLANG_ANALYZER_NONNULL</key>
				<string>YES</string>
				<key>CLANG_CXX_LANGUAGE_STANDARD</key>
				<string>gnu++0x</string>
				<key>CLANG_CXX_LIBRARY</key>
				<string>libc++</string>
				<key>CLANG_ENABLE_MODULES</key>
				<string>YES</string>
				<key>CLANG_ENABLE_OBJC_ARC</key>
				<string>YES</string>
				<key>CLANG_WARN_BOOL_CONVERSION</key>
				<string>YES</string>
				<key>CLANG_WARN_CONSTANT_CONVERSION</key>
				<string>YES</string>
				<key>CLANG_WARN_DIRECT_OBJC_ISA_USAGE</key>
				<string>YES_ERROR</string>
				<key>CLANG_WARN_EMPTY_BODY</key>
				<string>YES</string>
				<key>CLANG_WARN_ENUM_CONVERSION</key>
				<string>YES</string>
				<key>CLANG_WARN_INT_CONVERSION</key>
				<string>YES</string>
				<key>CLANG_WARN_OBJC_ROOT_CLASS</key>
				<string>YES_ERROR</string>
				<key>CLANG_WARN_UNREACHABLE_CODE</key>
				<string>YES</string>
				<key>CLANG_WARN__DUPLICATE_METHOD_MATCH</key>
				<string>YES</string>
				<key>CODE_SIGN_IDENTITY</key>
				<string>iPhone Distribution: V2Solutions, Inc.</string>
				<key>CODE_SIGN_IDENTITY[sdk=iphoneos*]</key>
				<string>iPhone Distribution: V2Solutions, Inc.</string>
				<key>COPY_PHASE_STRIP</key>
				<string>NO</string>
				<key>DEBUG_INFORMATION_FORMAT</key>
				<string>dwarf</string>
				<key>ENABLE_STRICT_OBJC_MSGSEND</key>
				<string>YES</string>
				<key>ENABLE_TESTABILITY</key>
				<string>YES</string>
				<key>GCC_C_LANGUAGE_STANDARD</key>
				<string>gnu99</string>
				<key>GCC_DYNAMIC_NO_PIC</key>
				<string>NO</string>
				<key>GCC_NO_COMMON_BLOCKS</key>
				<string>YES</string>
				<key>GCC_OPTIMIZATION_LEVEL</key>
				<string>0</string>
				<key>GCC_PREPROCESSOR_DEFINITIONS</key>
				<array>
					<string>DEBUG=1</string>
					<string>$(inherited)</string>
				</array>
				<key>GCC_WARN_64_TO_32_BIT_CONVERSION</key>
				<string>YES</string>
				<key>GCC_WARN_ABOUT_RETURN_TYPE</key>
				<string>YES_ERROR</string>
				<key>GCC_WARN_UNDECLARED_SELECTOR</key>
				<string>YES</string>
				<key>GCC_WARN_UNINITIALIZED_AUTOS</key>
				<string>YES_AGGRESSIVE</string>
				<key>GCC_WARN_UNUSED_FUNCTION</key>
				<string>YES</string>
				<key>GCC_WARN_UNUSED_VARIABLE</key>
				<string>YES</string>
				<key>IPHONEOS_DEPLOYMENT_TARGET</key>
				<string>9.3</string>
				<key>MTL_ENABLE_DEBUG_INFO</key>
				<string>YES</string>
				<key>ONLY_ACTIVE_ARCH</key>
				<string>YES</string>
				<key>PROVISIONING_PROFILE</key>
				<string>403873db-c9d5-4812-a15e-f30fd5184283</string>
				<key>SDKROOT</key>
				<string>iphoneos</string>
				<key>SWIFT_OPTIMIZATION_LEVEL</key>
				<string>-Onone</string>
			</dict>
			<key>isa</key>
			<string>XCBuildConfiguration</string>
			<key>name</key>
			<string>Debug</string>
		</dict>
		<key>00B5CBBB1D7FDE65000F29CC</key>
		<dict>
			<key>buildSettings</key>
			<dict>
				<key>ALWAYS_SEARCH_USER_PATHS</key>
				<string>NO</string>
				<key>CLANG_ANALYZER_NONNULL</key>
				<string>YES</string>
				<key>CLANG_CXX_LANGUAGE_STANDARD</key>
				<string>gnu++0x</string>
				<key>CLANG_CXX_LIBRARY</key>
				<string>libc++</string>
				<key>CLANG_ENABLE_MODULES</key>
				<string>YES</string>
				<key>CLANG_ENABLE_OBJC_ARC</key>
				<string>YES</string>
				<key>CLANG_WARN_BOOL_CONVERSION</key>
				<string>YES</string>
				<key>CLANG_WARN_CONSTANT_CONVERSION</key>
				<string>YES</string>
				<key>CLANG_WARN_DIRECT_OBJC_ISA_USAGE</key>
				<string>YES_ERROR</string>
				<key>CLANG_WARN_EMPTY_BODY</key>
				<string>YES</string>
				<key>CLANG_WARN_ENUM_CONVERSION</key>
				<string>YES</string>
				<key>CLANG_WARN_INT_CONVERSION</key>
				<string>YES</string>
				<key>CLANG_WARN_OBJC_ROOT_CLASS</key>
				<string>YES_ERROR</string>
				<key>CLANG_WARN_UNREACHABLE_CODE</key>
				<string>YES</string>
				<key>CLANG_WARN__DUPLICATE_METHOD_MATCH</key>
				<string>YES</string>
				<key>CODE_SIGN_IDENTITY</key>
				<string>iPhone Distribution: V2Solutions, Inc.</string>
				<key>CODE_SIGN_IDENTITY[sdk=iphoneos*]</key>
				<string>iPhone Distribution: V2Solutions, Inc.</string>
				<key>COPY_PHASE_STRIP</key>
				<string>NO</string>
				<key>DEBUG_INFORMATION_FORMAT</key>
				<string>dwarf-with-dsym</string>
				<key>ENABLE_NS_ASSERTIONS</key>
				<string>NO</string>
				<key>ENABLE_STRICT_OBJC_MSGSEND</key>
				<string>YES</string>
				<key>GCC_C_LANGUAGE_STANDARD</key>
				<string>gnu99</string>
				<key>GCC_NO_COMMON_BLOCKS</key>
				<string>YES</string>
				<key>GCC_WARN_64_TO_32_BIT_CONVERSION</key>
				<string>YES</string>
				<key>GCC_WARN_ABOUT_RETURN_TYPE</key>
				<string>YES_ERROR</string>
				<key>GCC_WARN_UNDECLARED_SELECTOR</key>
				<string>YES</string>
				<key>GCC_WARN_UNINITIALIZED_AUTOS</key>
				<string>YES_AGGRESSIVE</string>
				<key>GCC_WARN_UNUSED_FUNCTION</key>
				<string>YES</string>
				<key>GCC_WARN_UNUSED_VARIABLE</key>
				<string>YES</string>
				<key>IPHONEOS_DEPLOYMENT_TARGET</key>
				<string>9.3</string>
				<key>MTL_ENABLE_DEBUG_INFO</key>
				<string>NO</string>
				<key>PROVISIONING_PROFILE</key>
				<string>403873db-c9d5-4812-a15e-f30fd5184283</string>
				<key>SDKROOT</key>
				<string>iphoneos</string>
				<key>VALIDATE_PRODUCT</key>
				<string>YES</string>
			</dict>
			<key>isa</key>
			<string>XCBuildConfiguration</string>
			<key>name</key>
			<string>Release</string>
		</dict>
		<key>00B5CBBC1D7FDE65000F29CC</key>
		<dict>
			<key>buildConfigurations</key>
			<array>
				<string>00B5CBBD1D7FDE65000F29CC</string>
				<string>00B5CBBE1D7FDE65000F29CC</string>
			</array>
			<key>defaultConfigurationIsVisible</key>
			<string>0</string>
			<key>defaultConfigurationName</key>
			<string>Release</string>
			<key>isa</key>
			<string>XCConfigurationList</string>
		</dict>
		<key>00B5CBBD1D7FDE65000F29CC</key>
		<dict>
			<key>baseConfigurationReference</key>
			<string>C436A588A59813A727EF1434</string>
			<key>buildSettings</key>
			<dict>
				<key>ASSETCATALOG_COMPILER_APPICON_NAME</key>
				<string>AppIcon</string>
				<key>CODE_SIGN_IDENTITY</key>
				<string>iPhone Distribution: V2Solutions, Inc.</string>
				<key>FRAMEWORK_SEARCH_PATHS</key>
				<array>
					<string>$(inherited)</string>
					<string>$(PROJECT_DIR)</string>
				</array>
				<key>INFOPLIST_FILE</key>
				<string>RNDApp/Info.plist</string>
				<key>LD_RUNPATH_SEARCH_PATHS</key>
				<string>$(inherited) @executable_path/Frameworks</string>
				<key>PRODUCT_BUNDLE_IDENTIFIER</key>
				<string>com.v2solutions.RNDApp</string>
				<key>PRODUCT_NAME</key>
				<string>$(TARGET_NAME)</string>
				<key>PROVISIONING_PROFILE</key>
				<string>403873db-c9d5-4812-a15e-f30fd5184283</string>
				<key>SWIFT_OBJC_BRIDGING_HEADER</key>
				<string>Bridging-Header.h</string>
			</dict>
			<key>isa</key>
			<string>XCBuildConfiguration</string>
			<key>name</key>
			<string>Debug</string>
		</dict>
		<key>00B5CBBE1D7FDE65000F29CC</key>
		<dict>
			<key>baseConfigurationReference</key>
			<string>FA9F0B768476EF84230E4500</string>
			<key>buildSettings</key>
			<dict>
				<key>ASSETCATALOG_COMPILER_APPICON_NAME</key>
				<string>AppIcon</string>
				<key>CODE_SIGN_IDENTITY</key>
				<string>iPhone Distribution: V2Solutions, Inc.</string>
				<key>FRAMEWORK_SEARCH_PATHS</key>
				<array>
					<string>$(inherited)</string>
					<string>$(PROJECT_DIR)</string>
				</array>
				<key>INFOPLIST_FILE</key>
				<string>RNDApp/Info.plist</string>
				<key>LD_RUNPATH_SEARCH_PATHS</key>
				<string>$(inherited) @executable_path/Frameworks</string>
				<key>PRODUCT_BUNDLE_IDENTIFIER</key>
				<string>com.v2solutions.RNDApp</string>
				<key>PRODUCT_NAME</key>
				<string>$(TARGET_NAME)</string>
				<key>PROVISIONING_PROFILE</key>
				<string>403873db-c9d5-4812-a15e-f30fd5184283</string>
				<key>SWIFT_OBJC_BRIDGING_HEADER</key>
				<string>Bridging-Header.h</string>
			</dict>
			<key>isa</key>
			<string>XCBuildConfiguration</string>
			<key>name</key>
			<string>Release</string>
		</dict>
		<key>0B418A2A0A5BB5168B9DC42E</key>
		<dict>
			<key>buildActionMask</key>
			<string>2147483647</string>
			<key>files</key>
			<array/>
			<key>inputPaths</key>
			<array/>
			<key>isa</key>
			<string>PBXShellScriptBuildPhase</string>
			<key>name</key>
			<string>[CP] Check Pods Manifest.lock</string>
			<key>outputPaths</key>
			<array/>
			<key>runOnlyForDeploymentPostprocessing</key>
			<string>0</string>
			<key>shellPath</key>
			<string>/bin/sh</string>
			<key>shellScript</key>
			<string>diff "${PODS_ROOT}/../Podfile.lock" "${PODS_ROOT}/Manifest.lock" &gt; /dev/null
if [[ $? != 0 ]] ; then
    cat &lt;&lt; EOM
error: The sandbox is not in sync with the Podfile.lock. Run 'pod install' or update your CocoaPods installation.
EOM
    exit 1
fi
</string>
			<key>showEnvVarsInLog</key>
			<string>0</string>
		</dict>
		<key>0D934BFEC294615F78B02393</key>
		<dict>
			<key>explicitFileType</key>
			<string>wrapper.framework</string>
			<key>includeInIndex</key>
			<string>0</string>
			<key>isa</key>
			<string>PBXFileReference</string>
			<key>path</key>
			<string>Pods_RNDApp.framework</string>
			<key>sourceTree</key>
			<string>BUILT_PRODUCTS_DIR</string>
		</dict>
		<key>115A39FE922DB4E00C8AFF30</key>
		<dict>
			<key>isa</key>
			<string>PBXFileReference</string>
			<key>lastKnownFileType</key>
			<string>wrapper.framework</string>
			<key>name</key>
			<string>CoreText.framework</string>
			<key>path</key>
			<string>System/Library/Frameworks/CoreText.framework</string>
			<key>sourceTree</key>
			<string>SDKROOT</string>
		</dict>
		<key>13970050CEDD240423351C95</key>
		<dict>
			<key>isa</key>
			<string>PBXFileReference</string>
			<key>lastKnownFileType</key>
			<string>wrapper.framework</string>
			<key>name</key>
			<string>CoreMedia.framework</string>
			<key>path</key>
			<string>System/Library/Frameworks/CoreMedia.framework</string>
			<key>sourceTree</key>
			<string>SDKROOT</string>
		</dict>
		<key>13B13EB3F36996EECBD11F66</key>
		<dict>
			<key>isa</key>
			<string>PBXFileReference</string>
			<key>lastKnownFileType</key>
			<string>wrapper.framework</string>
			<key>name</key>
			<string>BuddyBuildSDK.framework</string>
			<key>path</key>
			<string>BuddyBuildSDK.framework</string>
			<key>sourceTree</key>
			<string>&lt;group&gt;</string>
		</dict>
		<key>148F240544DE9CA515AAA486</key>
		<dict>
			<key>isa</key>
			<string>PBXFileReference</string>
			<key>lastKnownFileType</key>
			<string>wrapper.framework</string>
			<key>name</key>
			<string>CoreVideo.framework</string>
			<key>path</key>
			<string>System/Library/Frameworks/CoreVideo.framework</string>
			<key>sourceTree</key>
			<string>SDKROOT</string>
		</dict>
		<key>1ECB98BE5084642EBAE9FB53</key>
		<dict>
			<key>fileRef</key>
			<string>148F240544DE9CA515AAA486</string>
			<key>isa</key>
			<string>PBXBuildFile</string>
		</dict>
		<key>368CF77034920A9128CF7A08</key>
		<dict>
			<key>isa</key>
			<string>PBXFileReference</string>
			<key>lastKnownFileType</key>
			<string>wrapper.framework</string>
			<key>name</key>
			<string>CoreTelephony.framework</string>
			<key>path</key>
			<string>System/Library/Frameworks/CoreTelephony.framework</string>
			<key>sourceTree</key>
			<string>SDKROOT</string>
		</dict>
		<key>3C3E238888E09147DC7BD3EB</key>
		<dict>
			<key>fileRef</key>
			<string>13B13EB3F36996EECBD11F66</string>
			<key>isa</key>
			<string>PBXBuildFile</string>
		</dict>
		<key>3C3E8494DE6B0D01165F9ADB</key>
		<dict>
			<key>isa</key>
			<string>PBXFileReference</string>
			<key>lastKnownFileType</key>
			<string>wrapper.framework</string>
			<key>name</key>
			<string>QuartzCore.framework</string>
			<key>path</key>
			<string>System/Library/Frameworks/QuartzCore.framework</string>
			<key>sourceTree</key>
			<string>SDKROOT</string>
		</dict>
		<key>5060D20FACCFF8C3D1FFFB2E</key>
		<dict>
			<key>fileRef</key>
			<string>13970050CEDD240423351C95</string>
			<key>isa</key>
			<string>PBXBuildFile</string>
		</dict>
		<key>5A526DA250CCEBD132C42E60</key>
		<dict>
			<key>children</key>
			<array>
				<string>0D934BFEC294615F78B02393</string>
				<string>13B13EB3F36996EECBD11F66</string>
				<string>7D77DA77116C22CBA9656221</string>
				<string>115A39FE922DB4E00C8AFF30</string>
				<string>368CF77034920A9128CF7A08</string>
				<string>D355AEDBEB5A562BB70E4908</string>
				<string>3C3E8494DE6B0D01165F9ADB</string>
				<string>E3D68A1E162AA587EA3032F5</string>
				<string>13970050CEDD240423351C95</string>
				<string>148F240544DE9CA515AAA486</string>
			</array>
			<key>isa</key>
			<string>PBXGroup</string>
			<key>name</key>
			<string>Frameworks</string>
			<key>sourceTree</key>
			<string>&lt;group&gt;</string>
		</dict>
		<key>5DD35A1CDDE032325AE771CA</key>
		<dict>
			<key>fileRef</key>
			<string>E3D68A1E162AA587EA3032F5</string>
			<key>isa</key>
			<string>PBXBuildFile</string>
		</dict>
		<key>794AB71360E3C2E24E57F1D0</key>
		<dict>
			<key>fileRef</key>
			<string>0D934BFEC294615F78B02393</string>
			<key>isa</key>
			<string>PBXBuildFile</string>
		</dict>
		<key>7D77DA77116C22CBA9656221</key>
		<dict>
			<key>isa</key>
			<string>PBXFileReference</string>
			<key>lastKnownFileType</key>
			<string>wrapper.framework</string>
			<key>name</key>
			<string>AssetsLibrary.framework</string>
			<key>path</key>
			<string>System/Library/Frameworks/AssetsLibrary.framework</string>
			<key>sourceTree</key>
			<string>SDKROOT</string>
		</dict>
		<key>82808D10D607B8B2CBFEA755</key>
		<dict>
			<key>includeInIndex</key>
			<string>1</string>
			<key>isa</key>
			<string>PBXFileReference</string>
			<key>lastKnownFileType</key>
			<string>sourcecode.c.h</string>
			<key>path</key>
			<string>Bridging-Header.h</string>
			<key>sourceTree</key>
			<string>&lt;group&gt;</string>
		</dict>
		<key>94F89F5E9FB449EA2E6D4DE6</key>
		<dict>
			<key>buildActionMask</key>
			<string>2147483647</string>
			<key>files</key>
			<array/>
			<key>inputPaths</key>
			<array/>
			<key>isa</key>
			<string>PBXShellScriptBuildPhase</string>
			<key>name</key>
			<string>[CP] Embed Pods Frameworks</string>
			<key>outputPaths</key>
			<array/>
			<key>runOnlyForDeploymentPostprocessing</key>
			<string>0</string>
			<key>shellPath</key>
			<string>/bin/sh</string>
			<key>shellScript</key>
			<string>"${SRCROOT}/Pods/Target Support Files/Pods-RNDApp/Pods-RNDApp-frameworks.sh"
</string>
			<key>showEnvVarsInLog</key>
			<string>0</string>
		</dict>
		<key>98C5DA0ED0FC0570E2F71EAD</key>
		<dict>
			<key>children</key>
			<array>
				<string>C436A588A59813A727EF1434</string>
				<string>FA9F0B768476EF84230E4500</string>
			</array>
			<key>isa</key>
			<string>PBXGroup</string>
			<key>name</key>
			<string>Pods</string>
			<key>sourceTree</key>
			<string>&lt;group&gt;</string>
		</dict>
		<key>B9E9E39665D93D4FBE437D22</key>
		<dict>
			<key>fileRef</key>
			<string>7D77DA77116C22CBA9656221</string>
			<key>isa</key>
			<string>PBXBuildFile</string>
		</dict>
		<key>C3926B43080E5BB2CDB50558</key>
		<dict>
			<key>fileRef</key>
			<string>115A39FE922DB4E00C8AFF30</string>
			<key>isa</key>
			<string>PBXBuildFile</string>
		</dict>
		<key>C436A588A59813A727EF1434</key>
		<dict>
			<key>includeInIndex</key>
			<string>1</string>
			<key>isa</key>
			<string>PBXFileReference</string>
			<key>lastKnownFileType</key>
			<string>text.xcconfig</string>
			<key>name</key>
			<string>Pods-RNDApp.debug.xcconfig</string>
			<key>path</key>
			<string>Pods/Target Support Files/Pods-RNDApp/Pods-RNDApp.debug.xcconfig</string>
			<key>sourceTree</key>
			<string>&lt;group&gt;</string>
		</dict>
		<key>D355AEDBEB5A562BB70E4908</key>
		<dict>
			<key>isa</key>
			<string>PBXFileReference</string>
			<key>lastKnownFileType</key>
			<string>wrapper.framework</string>
			<key>name</key>
			<string>SystemConfiguration.framework</string>
			<key>path</key>
			<string>System/Library/Frameworks/SystemConfiguration.framework</string>
			<key>sourceTree</key>
			<string>SDKROOT</string>
		</dict>
		<key>D5016FD8704E13ECAA518B2E</key>
		<dict>
			<key>fileRef</key>
			<string>368CF77034920A9128CF7A08</string>
			<key>isa</key>
			<string>PBXBuildFile</string>
		</dict>
		<key>DEBBAA04032B07EA995D3757</key>
		<dict>
			<key>fileRef</key>
			<string>D355AEDBEB5A562BB70E4908</string>
			<key>isa</key>
			<string>PBXBuildFile</string>
		</dict>
		<key>E3D68A1E162AA587EA3032F5</key>
		<dict>
			<key>isa</key>
			<string>PBXFileReference</string>
			<key>lastKnownFileType</key>
			<string>wrapper.framework</string>
			<key>name</key>
			<string>AVFoundation.framework</string>
			<key>path</key>
			<string>System/Library/Frameworks/AVFoundation.framework</string>
			<key>sourceTree</key>
			<string>SDKROOT</string>
		</dict>
		<key>E44703A8AC2D11FEE7912094</key>
		<dict>
			<key>buildActionMask</key>
			<string>2147483647</string>
			<key>files</key>
			<array/>
			<key>inputPaths</key>
			<array/>
			<key>isa</key>
			<string>PBXShellScriptBuildPhase</string>
			<key>name</key>
			<string>[CP] Copy Pods Resources</string>
			<key>outputPaths</key>
			<array/>
			<key>runOnlyForDeploymentPostprocessing</key>
			<string>0</string>
			<key>shellPath</key>
			<string>/bin/sh</string>
			<key>shellScript</key>
			<string>"${SRCROOT}/Pods/Target Support Files/Pods-RNDApp/Pods-RNDApp-resources.sh"
</string>
			<key>showEnvVarsInLog</key>
			<string>0</string>
		</dict>
		<key>EDBD73E248D2D9B1DE5F0100</key>
		<dict>
			<key>fileRef</key>
			<string>3C3E8494DE6B0D01165F9ADB</string>
			<key>isa</key>
			<string>PBXBuildFile</string>
		</dict>
		<key>FA9F0B768476EF84230E4500</key>
		<dict>
			<key>includeInIndex</key>
			<string>1</string>
			<key>isa</key>
			<string>PBXFileReference</string>
			<key>lastKnownFileType</key>
			<string>text.xcconfig</string>
			<key>name</key>
			<string>Pods-RNDApp.release.xcconfig</string>
			<key>path</key>
			<string>Pods/Target Support Files/Pods-RNDApp/Pods-RNDApp.release.xcconfig</string>
			<key>sourceTree</key>
			<string>&lt;group&gt;</string>
		</dict>
	</dict>
	<key>rootObject</key>
	<string>00B5CBA21D7FDE65000F29CC</string>
</dict>
</plist>
